// !$*UTF8*$!
{
	archiveVersion = 1;
	classes = {
	};
	objectVersion = 46;
	objects = {

/* Begin PBXBuildFile section */
		7C5DDF9514BA80C700D35593 /* UIKit.framework in Frameworks */ = {isa = PBXBuildFile; fileRef = 7C5DDF9414BA80C700D35593 /* UIKit.framework */; };
		7C5DDF9714BA80C700D35593 /* Foundation.framework in Frameworks */ = {isa = PBXBuildFile; fileRef = 7C5DDF9614BA80C700D35593 /* Foundation.framework */; };
		7C5DDF9914BA80C700D35593 /* CoreGraphics.framework in Frameworks */ = {isa = PBXBuildFile; fileRef = 7C5DDF9814BA80C700D35593 /* CoreGraphics.framework */; };
		7C5DDF9B14BA80C700D35593 /* CoreData.framework in Frameworks */ = {isa = PBXBuildFile; fileRef = 7C5DDF9A14BA80C700D35593 /* CoreData.framework */; };
		7C5DDFA114BA80C700D35593 /* InfoPlist.strings in Resources */ = {isa = PBXBuildFile; fileRef = 7C5DDF9F14BA80C700D35593 /* InfoPlist.strings */; };
		7C5DDFA314BA80C700D35593 /* main.m in Sources */ = {isa = PBXBuildFile; fileRef = 7C5DDFA214BA80C700D35593 /* main.m */; };
		7C5DDFA714BA80C700D35593 /* OrgChartsAppDelegate.m in Sources */ = {isa = PBXBuildFile; fileRef = 7C5DDFA614BA80C700D35593 /* OrgChartsAppDelegate.m */; };
		7C5DDFAA14BA80C700D35593 /* MainWindow.xib in Resources */ = {isa = PBXBuildFile; fileRef = 7C5DDFA814BA80C700D35593 /* MainWindow.xib */; };
		7C5DDFAD14BA80C700D35593 /* OrgCharts.xcdatamodeld in Sources */ = {isa = PBXBuildFile; fileRef = 7C5DDFAB14BA80C700D35593 /* OrgCharts.xcdatamodeld */; };
/* End PBXBuildFile section */

/* Begin PBXFileReference section */
		7C5DDF9014BA80C700D35593 /* OrgCharts.app */ = {isa = PBXFileReference; explicitFileType = wrapper.application; includeInIndex = 0; path = OrgCharts.app; sourceTree = BUILT_PRODUCTS_DIR; };
		7C5DDF9414BA80C700D35593 /* UIKit.framework */ = {isa = PBXFileReference; lastKnownFileType = wrapper.framework; name = UIKit.framework; path = System/Library/Frameworks/UIKit.framework; sourceTree = SDKROOT; };
		7C5DDF9614BA80C700D35593 /* Foundation.framework */ = {isa = PBXFileReference; lastKnownFileType = wrapper.framework; name = Foundation.framework; path = System/Library/Frameworks/Foundation.framework; sourceTree = SDKROOT; };
		7C5DDF9814BA80C700D35593 /* CoreGraphics.framework */ = {isa = PBXFileReference; lastKnownFileType = wrapper.framework; name = CoreGraphics.framework; path = System/Library/Frameworks/CoreGraphics.framework; sourceTree = SDKROOT; };
		7C5DDF9A14BA80C700D35593 /* CoreData.framework */ = {isa = PBXFileReference; lastKnownFileType = wrapper.framework; name = CoreData.framework; path = System/Library/Frameworks/CoreData.framework; sourceTree = SDKROOT; };
		7C5DDF9E14BA80C700D35593 /* OrgCharts-Info.plist */ = {isa = PBXFileReference; lastKnownFileType = text.plist.xml; path = "OrgCharts-Info.plist"; sourceTree = "<group>"; };
		7C5DDFA014BA80C700D35593 /* en */ = {isa = PBXFileReference; lastKnownFileType = text.plist.strings; name = en; path = en.lproj/InfoPlist.strings; sourceTree = "<group>"; };
		7C5DDFA214BA80C700D35593 /* main.m */ = {isa = PBXFileReference; lastKnownFileType = sourcecode.c.objc; path = main.m; sourceTree = "<group>"; };
		7C5DDFA414BA80C700D35593 /* OrgCharts-Prefix.pch */ = {isa = PBXFileReference; lastKnownFileType = sourcecode.c.h; path = "OrgCharts-Prefix.pch"; sourceTree = "<group>"; };
		7C5DDFA514BA80C700D35593 /* OrgChartsAppDelegate.h */ = {isa = PBXFileReference; lastKnownFileType = sourcecode.c.h; path = OrgChartsAppDelegate.h; sourceTree = "<group>"; };
		7C5DDFA614BA80C700D35593 /* OrgChartsAppDelegate.m */ = {isa = PBXFileReference; lastKnownFileType = sourcecode.c.objc; path = OrgChartsAppDelegate.m; sourceTree = "<group>"; };
		7C5DDFA914BA80C700D35593 /* en */ = {isa = PBXFileReference; lastKnownFileType = file.xib; name = en; path = en.lproj/MainWindow.xib; sourceTree = "<group>"; };
		7C5DDFAC14BA80C700D35593 /* OrgCharts.xcdatamodel */ = {isa = PBXFileReference; lastKnownFileType = wrapper.xcdatamodel; path = OrgCharts.xcdatamodel; sourceTree = "<group>"; };
/* End PBXFileReference section */

/* Begin PBXFrameworksBuildPhase section */
		7C5DDF8D14BA80C700D35593 /* Frameworks */ = {
			isa = PBXFrameworksBuildPhase;
			buildActionMask = 2147483647;
			files = (
				7C5DDF9514BA80C700D35593 /* UIKit.framework in Frameworks */,
				7C5DDF9714BA80C700D35593 /* Foundation.framework in Frameworks */,
				7C5DDF9914BA80C700D35593 /* CoreGraphics.framework in Frameworks */,
				7C5DDF9B14BA80C700D35593 /* CoreData.framework in Frameworks */,
			);
			runOnlyForDeploymentPostprocessing = 0;
		};
/* End PBXFrameworksBuildPhase section */

/* Begin PBXGroup section */
		7C5DDF8514BA80C700D35593 = {
			isa = PBXGroup;
			children = (
				7C5DDF9C14BA80C700D35593 /* OrgCharts */,
				7C5DDF9314BA80C700D35593 /* Frameworks */,
				7C5DDF9114BA80C700D35593 /* Products */,
			);
			sourceTree = "<group>";
		};
		7C5DDF9114BA80C700D35593 /* Products */ = {
			isa = PBXGroup;
			children = (
				7C5DDF9014BA80C700D35593 /* OrgCharts.app */,
			);
			name = Products;
			sourceTree = "<group>";
		};
		7C5DDF9314BA80C700D35593 /* Frameworks */ = {
			isa = PBXGroup;
			children = (
				7C5DDF9414BA80C700D35593 /* UIKit.framework */,
				7C5DDF9614BA80C700D35593 /* Foundation.framework */,
				7C5DDF9814BA80C700D35593 /* CoreGraphics.framework */,
				7C5DDF9A14BA80C700D35593 /* CoreData.framework */,
			);
			name = Frameworks;
			sourceTree = "<group>";
		};
		7C5DDF9C14BA80C700D35593 /* OrgCharts */ = {
			isa = PBXGroup;
			children = (
				7C5DDFA514BA80C700D35593 /* OrgChartsAppDelegate.h */,
				7C5DDFA614BA80C700D35593 /* OrgChartsAppDelegate.m */,
				7C5DDFA814BA80C700D35593 /* MainWindow.xib */,
				7C5DDFAB14BA80C700D35593 /* OrgCharts.xcdatamodeld */,
				7C5DDF9D14BA80C700D35593 /* Supporting Files */,
			);
			path = OrgCharts;
			sourceTree = "<group>";
		};
		7C5DDF9D14BA80C700D35593 /* Supporting Files */ = {
			isa = PBXGroup;
			children = (
				7C5DDF9E14BA80C700D35593 /* OrgCharts-Info.plist */,
				7C5DDF9F14BA80C700D35593 /* InfoPlist.strings */,
				7C5DDFA214BA80C700D35593 /* main.m */,
				7C5DDFA414BA80C700D35593 /* OrgCharts-Prefix.pch */,
			);
			name = "Supporting Files";
			sourceTree = "<group>";
		};
/* End PBXGroup section */

/* Begin PBXNativeTarget section */
		7C5DDF8F14BA80C700D35593 /* OrgCharts */ = {
			isa = PBXNativeTarget;
			buildConfigurationList = 7C5DDFB014BA80C700D35593 /* Build configuration list for PBXNativeTarget "OrgCharts" */;
			buildPhases = (
				7C5DDF8C14BA80C700D35593 /* Sources */,
				7C5DDF8D14BA80C700D35593 /* Frameworks */,
				7C5DDF8E14BA80C700D35593 /* Resources */,
			);
			buildRules = (
			);
			dependencies = (
			);
			name = OrgCharts;
			productName = OrgCharts;
			productReference = 7C5DDF9014BA80C700D35593 /* OrgCharts.app */;
			productType = "com.apple.product-type.application";
		};
/* End PBXNativeTarget section */

/* Begin PBXProject section */
		7C5DDF8714BA80C700D35593 /* Project object */ = {
			isa = PBXProject;
			attributes = {
				ORGANIZATIONNAME = Cometoide;
			};
			buildConfigurationList = 7C5DDF8A14BA80C700D35593 /* Build configuration list for PBXProject "OrgCharts" */;
			compatibilityVersion = "Xcode 3.2";
			developmentRegion = English;
			hasScannedForEncodings = 0;
			knownRegions = (
				en,
			);
			mainGroup = 7C5DDF8514BA80C700D35593;
			productRefGroup = 7C5DDF9114BA80C700D35593 /* Products */;
			projectDirPath = "";
			projectRoot = "";
			targets = (
				7C5DDF8F14BA80C700D35593 /* OrgCharts */,
			);
		};
/* End PBXProject section */

/* Begin PBXResourcesBuildPhase section */
		7C5DDF8E14BA80C700D35593 /* Resources */ = {
			isa = PBXResourcesBuildPhase;
			buildActionMask = 2147483647;
			files = (
				7C5DDFA114BA80C700D35593 /* InfoPlist.strings in Resources */,
				7C5DDFAA14BA80C700D35593 /* MainWindow.xib in Resources */,
			);
			runOnlyForDeploymentPostprocessing = 0;
		};
/* End PBXResourcesBuildPhase section */

/* Begin PBXSourcesBuildPhase section */
		7C5DDF8C14BA80C700D35593 /* Sources */ = {
			isa = PBXSourcesBuildPhase;
			buildActionMask = 2147483647;
			files = (
				7C5DDFA314BA80C700D35593 /* main.m in Sources */,
				7C5DDFA714BA80C700D35593 /* OrgChartsAppDelegate.m in Sources */,
				7C5DDFAD14BA80C700D35593 /* OrgCharts.xcdatamodeld in Sources */,
			);
			runOnlyForDeploymentPostprocessing = 0;
		};
/* End PBXSourcesBuildPhase section */

/* Begin PBXVariantGroup section */
		7C5DDF9F14BA80C700D35593 /* InfoPlist.strings */ = {
			isa = PBXVariantGroup;
			children = (
				7C5DDFA014BA80C700D35593 /* en */,
			);
			name = InfoPlist.strings;
			sourceTree = "<group>";
		};
		7C5DDFA814BA80C700D35593 /* MainWindow.xib */ = {
			isa = PBXVariantGroup;
			children = (
				7C5DDFA914BA80C700D35593 /* en */,
			);
			name = MainWindow.xib;
			sourceTree = "<group>";
		};
/* End PBXVariantGroup section */

/* Begin XCBuildConfiguration section */
		7C5DDFAE14BA80C700D35593 /* Debug */ = {
			isa = XCBuildConfiguration;
			buildSettings = {
				ALWAYS_SEARCH_USER_PATHS = NO;
				ARCHS = "$(ARCHS_STANDARD_32_BIT)";
				"CODE_SIGN_IDENTITY[sdk=iphoneos*]" = "iPhone Developer";
				COPY_PHASE_STRIP = NO;
				GCC_C_LANGUAGE_STANDARD = gnu99;
				GCC_DYNAMIC_NO_PIC = NO;
				GCC_OPTIMIZATION_LEVEL = 0;
				GCC_PREPROCESSOR_DEFINITIONS = (
					"DEBUG=1",
					"$(inherited)",
				);
				GCC_SYMBOLS_PRIVATE_EXTERN = NO;
				GCC_VERSION = com.apple.compilers.llvmgcc42;
				GCC_WARN_ABOUT_MISSING_PROTOTYPES = YES;
				GCC_WARN_ABOUT_RETURN_TYPE = YES;
				GCC_WARN_UNUSED_VARIABLE = YES;
				IPHONEOS_DEPLOYMENT_TARGET = 4.3;
				SDKROOT = iphoneos;
			};
			name = Debug;
		};
		7C5DDFAF14BA80C700D35593 /* Release */ = {
			isa = XCBuildConfiguration;
			buildSettings = {
				ALWAYS_SEARCH_USER_PATHS = NO;
				ARCHS = "$(ARCHS_STANDARD_32_BIT)";
				"CODE_SIGN_IDENTITY[sdk=iphoneos*]" = "iPhone Developer";
				COPY_PHASE_STRIP = YES;
				GCC_C_LANGUAGE_STANDARD = gnu99;
				GCC_VERSION = com.apple.compilers.llvmgcc42;
				GCC_WARN_ABOUT_MISSING_PROTOTYPES = YES;
				GCC_WARN_ABOUT_RETURN_TYPE = YES;
				GCC_WARN_UNUSED_VARIABLE = YES;
				IPHONEOS_DEPLOYMENT_TARGET = 4.3;
				OTHER_CFLAGS = "-DNS_BLOCK_ASSERTIONS=1";
				SDKROOT = iphoneos;
				VALIDATE_PRODUCT = YES;
			};
			name = Release;
		};
		7C5DDFB114BA80C700D35593 /* Debug */ = {
			isa = XCBuildConfiguration;
			buildSettings = {
				GCC_PRECOMPILE_PREFIX_HEADER = YES;
				GCC_PREFIX_HEADER = "OrgCharts/OrgCharts-Prefix.pch";
				INFOPLIST_FILE = "OrgCharts/OrgCharts-Info.plist";
				PRODUCT_NAME = "$(TARGET_NAME)";
				WRAPPER_EXTENSION = app;
			};
			name = Debug;
		};
		7C5DDFB214BA80C700D35593 /* Release */ = {
			isa = XCBuildConfiguration;
			buildSettings = {
				GCC_PRECOMPILE_PREFIX_HEADER = YES;
				GCC_PREFIX_HEADER = "OrgCharts/OrgCharts-Prefix.pch";
				INFOPLIST_FILE = "OrgCharts/OrgCharts-Info.plist";
				PRODUCT_NAME = "$(TARGET_NAME)";
				WRAPPER_EXTENSION = app;
			};
			name = Release;
		};
/* End XCBuildConfiguration section */

/* Begin XCConfigurationList section */
		7C5DDF8A14BA80C700D35593 /* Build configuration list for PBXProject "OrgCharts" */ = {
			isa = XCConfigurationList;
			buildConfigurations = (
				7C5DDFAE14BA80C700D35593 /* Debug */,
				7C5DDFAF14BA80C700D35593 /* Release */,
			);
			defaultConfigurationIsVisible = 0;
			defaultConfigurationName = Release;
		};
		7C5DDFB014BA80C700D35593 /* Build configuration list for PBXNativeTarget "OrgCharts" */ = {
			isa = XCConfigurationList;
			buildConfigurations = (
				7C5DDFB114BA80C700D35593 /* Debug */,
				7C5DDFB214BA80C700D35593 /* Release */,
			);
			defaultConfigurationIsVisible = 0;
		};
/* End XCConfigurationList section */

/* Begin XCVersionGroup section */
		7C5DDFAB14BA80C700D35593 /* OrgCharts.xcdatamodeld */ = {
			isa = XCVersionGroup;
			children = (
				7C5DDFAC14BA80C700D35593 /* OrgCharts.xcdatamodel */,
			);
			currentVersion = 7C5DDFAC14BA80C700D35593 /* OrgCharts.xcdatamodel */;
			path = OrgCharts.xcdatamodeld;
			sourceTree = "<group>";
			versionGroupType = wrapper.xcdatamodel;
		};
/* End XCVersionGroup section */
	};
	rootObject = 7C5DDF8714BA80C700D35593 /* Project object */;
}
